
Microsoft Visual Studio Solution File, Format Version 12.00
# Visual Studio Version 16
VisualStudioVersion = 16.0.30523.141
MinimumVisualStudioVersion = 10.0.40219.1
Project("{FAE04EC0-301F-11D3-BF4B-00C04F79EFBC}") = "Konsol", "Konsol\Konsol.csproj", "{ADC063EA-FAEB-4688-A450-810A46BC12DD}"
EndProject
Project("{FAE04EC0-301F-11D3-BF4B-00C04F79EFBC}") = "Pdf_Forms", "Pdf_Forms\Pdf_Forms.csproj", "{8DF3F3F9-00EC-41F3-B474-9C9B5ADE81C0}"
EndProject
Global
	GlobalSection(SolutionConfigurationPlatforms) = preSolution
		Debug|Any CPU = Debug|Any CPU
		Release|Any CPU = Release|Any CPU
	EndGlobalSection
	GlobalSection(ProjectConfigurationPlatforms) = postSolution
		{ADC063EA-FAEB-4688-A450-810A46BC12DD}.Debug|Any CPU.ActiveCfg = Debug|Any CPU
		{ADC063EA-FAEB-4688-A450-810A46BC12DD}.Debug|Any CPU.Build.0 = Debug|Any CPU
		{ADC063EA-FAEB-4688-A450-810A46BC12DD}.Release|Any CPU.ActiveCfg = Release|Any CPU
		{ADC063EA-FAEB-4688-A450-810A46BC12DD}.Release|Any CPU.Build.0 = Release|Any CPU
		{8DF3F3F9-00EC-41F3-B474-9C9B5ADE81C0}.Debug|Any CPU.ActiveCfg = Debug|Any CPU
		{8DF3F3F9-00EC-41F3-B474-9C9B5ADE81C0}.Debug|Any CPU.Build.0 = Debug|Any CPU
		{8DF3F3F9-00EC-41F3-B474-9C9B5ADE81C0}.Release|Any CPU.ActiveCfg = Release|Any CPU
		{8DF3F3F9-00EC-41F3-B474-9C9B5ADE81C0}.Release|Any CPU.Build.0 = Release|Any CPU
	EndGlobalSection
	GlobalSection(SolutionProperties) = preSolution
		HideSolutionNode = FALSE
	EndGlobalSection
	GlobalSection(ExtensibilityGlobals) = postSolution
		SolutionGuid = {A5005BD1-EED1-465B-9D37-C57D2C4C1702}
	EndGlobalSection
EndGlobal
